
Microsoft Visual Studio Solution File, Format Version 12.00
# Visual Studio Version 16
VisualStudioVersion = 16.0.29025.244
MinimumVisualStudioVersion = 10.0.40219.1
Project("{FAE04EC0-301F-11D3-BF4B-00C04F79EFBC}") = "Lagrande", "Lagrande\Lagrande.csproj", "{253C27AD-99F9-448D-AD74-CE95C46D4759}"
EndProject
Global
	GlobalSection(SolutionConfigurationPlatforms) = preSolution
		Debug|Any CPU = Debug|Any CPU
		Release|Any CPU = Release|Any CPU
	EndGlobalSection
	GlobalSection(ProjectConfigurationPlatforms) = postSolution
		{253C27AD-99F9-448D-AD74-CE95C46D4759}.Debug|Any CPU.ActiveCfg = Debug|Any CPU
		{253C27AD-99F9-448D-AD74-CE95C46D4759}.Debug|Any CPU.Build.0 = Debug|Any CPU
		{253C27AD-99F9-448D-AD74-CE95C46D4759}.Release|Any CPU.ActiveCfg = Release|Any CPU
		{253C27AD-99F9-448D-AD74-CE95C46D4759}.Release|Any CPU.Build.0 = Release|Any CPU
	EndGlobalSection
	GlobalSection(SolutionProperties) = preSolution
		HideSolutionNode = FALSE
	EndGlobalSection
	GlobalSection(ExtensibilityGlobals) = postSolution
		SolutionGuid = {BB3B44E2-1885-475D-84EC-1DF4DD31A077}
	EndGlobalSection
EndGlobal
